
Microsoft Visual Studio Solution File, Format Version 12.00
# Visual Studio Version 16
VisualStudioVersion = 16.0.31025.194
MinimumVisualStudioVersion = 10.0.40219.1
Project("{9A19103F-16F7-4668-BE54-9A1E7A4F7556}") = "0-FrameWork", "0-FrameWork\0-FrameWork.csproj", "{819F8EC1-F1D0-4737-B6EB-C65FD5B074C1}"
EndProject
Project("{2150E333-8FDC-42A3-9474-1A3956D46DE8}") = "1SM-Domain", "1SM-Domain", "{53FBBA36-580F-4D7D-A7F1-A11ABC6FB365}"
EndProject
Project("{9A19103F-16F7-4668-BE54-9A1E7A4F7556}") = "SMDomaim", "SMDomaim\SMDomaim.csproj", "{623BD419-D67E-4F19-80DF-074F10B838F9}"
EndProject
Project("{2150E333-8FDC-42A3-9474-1A3956D46DE8}") = "2SM-Application", "2SM-Application", "{98C272B0-828E-444F-8A44-353C53F988ED}"
EndProject
Project("{9A19103F-16F7-4668-BE54-9A1E7A4F7556}") = "ApplicationLayer", "ApplicationLayer\ApplicationLayer.csproj", "{BB866B28-A29B-4917-91F3-3E2C64F29810}"
EndProject
Project("{9A19103F-16F7-4668-BE54-9A1E7A4F7556}") = "Appliction.Construct", "Appliction.Construct\Appliction.Construct.csproj", "{361DDB0F-9E0C-4641-BF71-D6D3454241CD}"
EndProject
Project("{2150E333-8FDC-42A3-9474-1A3956D46DE8}") = "3SM-Infractrcuer", "3SM-Infractrcuer", "{665EC674-7EF6-4F4C-9167-B85A435206E5}"
EndProject
Project("{9A19103F-16F7-4668-BE54-9A1E7A4F7556}") = "Infractrucuer.EFCore", "Infractrucuer\Infractrucuer.EFCore.csproj", "{409560C7-B21B-42F4-9952-8D673153DBF6}"
EndProject
Project("{9A19103F-16F7-4668-BE54-9A1E7A4F7556}") = "ConfigurationLayer", "ConfigurationLayer\ConfigurationLayer.csproj", "{E487B857-735B-495E-AEE4-7B4F1A828D5F}"
EndProject
Project("{9A19103F-16F7-4668-BE54-9A1E7A4F7556}") = "ServiceHost", "ServiceHost\ServiceHost.csproj", "{730AB44E-D60D-4E27-8923-5CA8B49A6FBB}"
EndProject
Project("{9A19103F-16F7-4668-BE54-9A1E7A4F7556}") = "01-QueryLamshade", "01-QueryLamshade\01-QueryLamshade.csproj", "{1381EF5C-D1E7-4AB1-94D3-94F185A60A85}"
EndProject
Project("{2150E333-8FDC-42A3-9474-1A3956D46DE8}") = "DiscountMangmnet", "DiscountMangmnet", "{7F1DA00C-DE4B-4EDE-8B9B-95E5FA9125FC}"
EndProject
Project("{2150E333-8FDC-42A3-9474-1A3956D46DE8}") = "DM.DiscountDmain", "DM.DiscountDmain", "{63DA94C4-CA2B-4F35-B170-1574B38F7217}"
EndProject
Project("{9A19103F-16F7-4668-BE54-9A1E7A4F7556}") = "DisCountDoamin", "DisCountDoamin\DisCountDoamin.csproj", "{AAE4057C-17E2-4024-9300-46CC052C9BA7}"
EndProject
Project("{2150E333-8FDC-42A3-9474-1A3956D46DE8}") = "DM.Application", "DM.Application", "{88D36961-C64C-48DA-B7C2-F1139AEF7543}"
EndProject
Project("{9A19103F-16F7-4668-BE54-9A1E7A4F7556}") = "Application.Contract", "Application.Contract\Application.Contract.csproj", "{8775D223-1F3D-4C47-B9BF-12E1DD056126}"
EndProject
Project("{9A19103F-16F7-4668-BE54-9A1E7A4F7556}") = "Application", "Application\Application.csproj", "{CD94B2F4-B4AE-40D1-B5A4-AA0A67D52DAB}"
EndProject
Project("{2150E333-8FDC-42A3-9474-1A3956D46DE8}") = "DM.Infractracher", "DM.Infractracher", "{14FC0D27-B871-4B3A-8679-41C61BF500A5}"
EndProject
Project("{9A19103F-16F7-4668-BE54-9A1E7A4F7556}") = "Infractracer.EF", "Infractracer.EF\Infractracer.EF.csproj", "{AC5B125E-C454-46B7-88FC-09D74BA85F0F}"
EndProject
Project("{9A19103F-16F7-4668-BE54-9A1E7A4F7556}") = "ConfigurationService", "ConfigurationService\ConfigurationService.csproj", "{1A6B4E2D-50E4-4130-AFD2-311FF995DD42}"
EndProject
Project("{2150E333-8FDC-42A3-9474-1A3956D46DE8}") = "ShopManagment", "ShopManagment", "{D4430695-D567-4148-81E5-FFE8933812EE}"
EndProject
Project("{2150E333-8FDC-42A3-9474-1A3956D46DE8}") = "InvevtoryManagment", "InvevtoryManagment", "{B35A689E-474C-4F86-A762-016379B3A282}"
EndProject
Project("{2150E333-8FDC-42A3-9474-1A3956D46DE8}") = "IM.Domain", "IM.Domain", "{A751365F-3CE8-4673-970D-FF885015C08F}"
EndProject
Project("{9A19103F-16F7-4668-BE54-9A1E7A4F7556}") = "inventoryManagmentDomain", "inventoryManagmentDomain\inventoryManagmentDomain.csproj", "{5394EAB4-B3FA-421A-8C97-04EF332B0A6E}"
EndProject
Project("{2150E333-8FDC-42A3-9474-1A3956D46DE8}") = "IM.Application", "IM.Application", "{F10F6681-2C68-49F3-B247-1C2B3F8C4A83}"
EndProject
Project("{9A19103F-16F7-4668-BE54-9A1E7A4F7556}") = "InventoryApplicationContract", "InventoryApplicationContract\InventoryApplicationContract.csproj", "{0E9E6C72-C4DA-49FA-BE83-1B582640693F}"
EndProject
Project("{9A19103F-16F7-4668-BE54-9A1E7A4F7556}") = "InventoryApplication", "InventoryApplication\InventoryApplication.csproj", "{0B4C257E-4425-4CCF-9939-ED947D5A4E0B}"
EndProject
Project("{2150E333-8FDC-42A3-9474-1A3956D46DE8}") = "IM.Infractracer", "IM.Infractracer", "{EB4ED791-6259-4701-9CD4-82B2D310A031}"
EndProject
Project("{9A19103F-16F7-4668-BE54-9A1E7A4F7556}") = "IM.Inventory.EF", "IM.Inventory.EF\IM.Inventory.EF.csproj", "{76151F1A-608E-4B0E-96D3-1897509AD8F8}"
EndProject
Project("{9A19103F-16F7-4668-BE54-9A1E7A4F7556}") = "IM.ManagmentConfigure", "IM.ManagmentConfigure\IM.ManagmentConfigure.csproj", "{46202EE9-1C57-45CC-9207-839101045AA8}"
EndProject
Project("{2150E333-8FDC-42A3-9474-1A3956D46DE8}") = "BlogManagment", "BlogManagment", "{4242844D-391E-4134-908E-48832A948E82}"
EndProject
Project("{2150E333-8FDC-42A3-9474-1A3956D46DE8}") = "B.MDomain", "B.MDomain", "{30878950-4CE3-4B74-8D6E-F5EEA1A405CB}"
EndProject
Project("{9A19103F-16F7-4668-BE54-9A1E7A4F7556}") = "BlogManagmentDomain", "BlogManagmentDomain\BlogManagmentDomain.csproj", "{EF774867-4440-4683-B4C8-F1ADE07EB178}"
EndProject
Project("{2150E333-8FDC-42A3-9474-1A3956D46DE8}") = "B.MApplication", "B.MApplication", "{5872E60C-2C49-47D5-8666-140C66B887C1}"
EndProject
Project("{9A19103F-16F7-4668-BE54-9A1E7A4F7556}") = "BlogManagmentApplication.Contract", "BlogManagmentApplication.Contract\BlogManagmentApplication.Contract.csproj", "{4DFEBFD6-9AB6-48E7-A5DC-E0CD52666880}"
EndProject
Project("{9A19103F-16F7-4668-BE54-9A1E7A4F7556}") = "BlogManagmentApplication", "BlogManagmentApplication\BlogManagmentApplication.csproj", "{AEE83F31-DF20-4812-B340-173BC59B27B8}"
EndProject
Project("{2150E333-8FDC-42A3-9474-1A3956D46DE8}") = "B.MInfractracer.EF", "B.MInfractracer.EF", "{B9451C19-C26A-46DD-9F73-2FD443E95E01}"
EndProject
Project("{9A19103F-16F7-4668-BE54-9A1E7A4F7556}") = "BlogManagment.EFCore", "BlogManagment.EFCore\BlogManagment.EFCore.csproj", "{3A8DF41F-FAEC-445D-A4DB-0C2B97C1967E}"
EndProject
Project("{9A19103F-16F7-4668-BE54-9A1E7A4F7556}") = "BlogManagnentConfigureService", "BlogManagnentConfigureService\BlogManagnentConfigureService.csproj", "{22988A91-CD02-42AB-B344-1759DA1488F5}"
EndProject
Project("{2150E333-8FDC-42A3-9474-1A3956D46DE8}") = "CommentManagment", "CommentManagment", "{641FC6A1-78A6-46B8-B066-7EDBE0C09100}"
EndProject
Project("{2150E333-8FDC-42A3-9474-1A3956D46DE8}") = "C.M.Domain", "C.M.Domain", "{D1F2D2C1-6906-47BF-B012-55F09A645D69}"
EndProject
Project("{9A19103F-16F7-4668-BE54-9A1E7A4F7556}") = "Commentmanagment.Domain", "Commentmanagment.Domain\Commentmanagment.Domain.csproj", "{BBFF0E76-AC44-4C7B-A63D-902E9249548B}"
EndProject
Project("{2150E333-8FDC-42A3-9474-1A3956D46DE8}") = "C.M.Application", "C.M.Application", "{D00913AE-698A-42DF-955A-9EB1FB0F09FE}"
EndProject
Project("{9A19103F-16F7-4668-BE54-9A1E7A4F7556}") = "Comment.Managment.Cantract", "Comment.Managment.Cantract\Comment.Managment.Cantract.csproj", "{B57C403C-ADC3-4FD0-91B9-838FC154CDE0}"
EndProject
Project("{9A19103F-16F7-4668-BE54-9A1E7A4F7556}") = "CommentManagment.Application", "CommentManagment.Application\CommentManagment.Application.csproj", "{DE6D9CC4-2C1F-4624-9AA0-1523F7A80219}"
EndProject
Project("{2150E333-8FDC-42A3-9474-1A3956D46DE8}") = "C.M.Infrastrucer", "C.M.Infrastrucer", "{15D04AE8-E0FA-4B05-859F-97109EEDCD9E}"
EndProject
Project("{9A19103F-16F7-4668-BE54-9A1E7A4F7556}") = "CommenetManagmenrt.Infractracer.EFCore", "CommenetManagmenrt.Infractracer.EFCore\CommenetManagmenrt.Infractracer.EFCore.csproj", "{3A48507C-7150-4D64-9C48-899FDDF61D2D}"
EndProject
Project("{9A19103F-16F7-4668-BE54-9A1E7A4F7556}") = "Comment.Mangment.Configure", "Comment.Mangment.Configure\Comment.Mangment.Configure.csproj", "{44C001A5-5B1D-4F17-B60B-D3B402A2E425}"
EndProject
Project("{2150E333-8FDC-42A3-9474-1A3956D46DE8}") = "AccountManagment", "AccountManagment", "{EC0A8006-83E0-48CF-A57F-D94C16C2F81D}"
EndProject
Project("{2150E333-8FDC-42A3-9474-1A3956D46DE8}") = "A.M.Domain", "A.M.Domain", "{63F2A735-CBF5-45AD-9EE8-71DBE8E46329}"
EndProject
Project("{9A19103F-16F7-4668-BE54-9A1E7A4F7556}") = "AccountManagmentDomain", "AccountManagmentDomain\AccountManagmentDomain.csproj", "{2C70E9EC-00B9-4422-AF6F-19B82B4827AA}"
EndProject
Project("{2150E333-8FDC-42A3-9474-1A3956D46DE8}") = "A.M.Application", "A.M.Application", "{293D52AF-54EB-4A87-989F-E987B4E0042F}"
EndProject
Project("{9A19103F-16F7-4668-BE54-9A1E7A4F7556}") = "AccountManagment.Application.Contract", "AccountManagment.Application.Contract\AccountManagment.Application.Contract.csproj", "{B4161B23-8E06-4275-9678-D205E5AD7945}"
EndProject
Project("{2150E333-8FDC-42A3-9474-1A3956D46DE8}") = "A.M.Infractercure", "A.M.Infractercure", "{079E081D-F1A5-4310-9A2E-DA2C1A741741}"
EndProject
Project("{9A19103F-16F7-4668-BE54-9A1E7A4F7556}") = "AccountMangment.Infracture.EFCore", "AccountMangment.Infracture.EFCore\AccountMangment.Infracture.EFCore.csproj", "{87D527BD-B431-4F28-92D5-DB84A8F835F8}"
EndProject
Project("{9A19103F-16F7-4668-BE54-9A1E7A4F7556}") = "A.M.Application", "A.M.Application\A.M.Application.csproj", "{2C68A16D-BD07-4D05-89F1-B62F57296B23}"
EndProject
Project("{9A19103F-16F7-4668-BE54-9A1E7A4F7556}") = "AccountManagment.Configure", "AccountManagment.Configure\AccountManagment.Configure.csproj", "{6307D72A-1F43-4092-B77A-8ECA20C90396}"
EndProject
Project("{9A19103F-16F7-4668-BE54-9A1E7A4F7556}") = "ShopManagement.Infrastructure.InventoryAcl", "ShopManagement.Infrastructure.InventoryAcl\ShopManagement.Infrastructure.InventoryAcl.csproj", "{661E85BC-2551-4105-B9D6-224F25934C21}"
EndProject
Project("{2150E333-8FDC-42A3-9474-1A3956D46DE8}") = "IM.Presentation", "IM.Presentation", "{B0B1F254-33D6-4539-8FE0-C6AF44F9C21D}"
EndProject
Project("{9A19103F-16F7-4668-BE54-9A1E7A4F7556}") = "InventoryManagement.Presentation", "InventoryManagement.Presentation\InventoryManagement.Presentation.csproj", "{34AEB36B-E1AA-46EB-95EE-325F4F5D2011}"
EndProject
Global
	GlobalSection(SolutionConfigurationPlatforms) = preSolution
		Debug|Any CPU = Debug|Any CPU
		Release|Any CPU = Release|Any CPU
	EndGlobalSection
	GlobalSection(ProjectConfigurationPlatforms) = postSolution
		{819F8EC1-F1D0-4737-B6EB-C65FD5B074C1}.Debug|Any CPU.ActiveCfg = Debug|Any CPU
		{819F8EC1-F1D0-4737-B6EB-C65FD5B074C1}.Debug|Any CPU.Build.0 = Debug|Any CPU
		{819F8EC1-F1D0-4737-B6EB-C65FD5B074C1}.Release|Any CPU.ActiveCfg = Release|Any CPU
		{819F8EC1-F1D0-4737-B6EB-C65FD5B074C1}.Release|Any CPU.Build.0 = Release|Any CPU
		{623BD419-D67E-4F19-80DF-074F10B838F9}.Debug|Any CPU.ActiveCfg = Debug|Any CPU
		{623BD419-D67E-4F19-80DF-074F10B838F9}.Debug|Any CPU.Build.0 = Debug|Any CPU
		{623BD419-D67E-4F19-80DF-074F10B838F9}.Release|Any CPU.ActiveCfg = Release|Any CPU
		{623BD419-D67E-4F19-80DF-074F10B838F9}.Release|Any CPU.Build.0 = Release|Any CPU
		{BB866B28-A29B-4917-91F3-3E2C64F29810}.Debug|Any CPU.ActiveCfg = Debug|Any CPU
		{BB866B28-A29B-4917-91F3-3E2C64F29810}.Debug|Any CPU.Build.0 = Debug|Any CPU
		{BB866B28-A29B-4917-91F3-3E2C64F29810}.Release|Any CPU.ActiveCfg = Release|Any CPU
		{BB866B28-A29B-4917-91F3-3E2C64F29810}.Release|Any CPU.Build.0 = Release|Any CPU
		{361DDB0F-9E0C-4641-BF71-D6D3454241CD}.Debug|Any CPU.ActiveCfg = Debug|Any CPU
		{361DDB0F-9E0C-4641-BF71-D6D3454241CD}.Debug|Any CPU.Build.0 = Debug|Any CPU
		{361DDB0F-9E0C-4641-BF71-D6D3454241CD}.Release|Any CPU.ActiveCfg = Release|Any CPU
		{361DDB0F-9E0C-4641-BF71-D6D3454241CD}.Release|Any CPU.Build.0 = Release|Any CPU
		{409560C7-B21B-42F4-9952-8D673153DBF6}.Debug|Any CPU.ActiveCfg = Debug|Any CPU
		{409560C7-B21B-42F4-9952-8D673153DBF6}.Debug|Any CPU.Build.0 = Debug|Any CPU
		{409560C7-B21B-42F4-9952-8D673153DBF6}.Release|Any CPU.ActiveCfg = Release|Any CPU
		{409560C7-B21B-42F4-9952-8D673153DBF6}.Release|Any CPU.Build.0 = Release|Any CPU
		{E487B857-735B-495E-AEE4-7B4F1A828D5F}.Debug|Any CPU.ActiveCfg = Debug|Any CPU
		{E487B857-735B-495E-AEE4-7B4F1A828D5F}.Debug|Any CPU.Build.0 = Debug|Any CPU
		{E487B857-735B-495E-AEE4-7B4F1A828D5F}.Release|Any CPU.ActiveCfg = Release|Any CPU
		{E487B857-735B-495E-AEE4-7B4F1A828D5F}.Release|Any CPU.Build.0 = Release|Any CPU
		{730AB44E-D60D-4E27-8923-5CA8B49A6FBB}.Debug|Any CPU.ActiveCfg = Debug|Any CPU
		{730AB44E-D60D-4E27-8923-5CA8B49A6FBB}.Debug|Any CPU.Build.0 = Debug|Any CPU
		{730AB44E-D60D-4E27-8923-5CA8B49A6FBB}.Release|Any CPU.ActiveCfg = Release|Any CPU
		{730AB44E-D60D-4E27-8923-5CA8B49A6FBB}.Release|Any CPU.Build.0 = Release|Any CPU
		{1381EF5C-D1E7-4AB1-94D3-94F185A60A85}.Debug|Any CPU.ActiveCfg = Debug|Any CPU
		{1381EF5C-D1E7-4AB1-94D3-94F185A60A85}.Debug|Any CPU.Build.0 = Debug|Any CPU
		{1381EF5C-D1E7-4AB1-94D3-94F185A60A85}.Release|Any CPU.ActiveCfg = Release|Any CPU
		{1381EF5C-D1E7-4AB1-94D3-94F185A60A85}.Release|Any CPU.Build.0 = Release|Any CPU
		{AAE4057C-17E2-4024-9300-46CC052C9BA7}.Debug|Any CPU.ActiveCfg = Debug|Any CPU
		{AAE4057C-17E2-4024-9300-46CC052C9BA7}.Debug|Any CPU.Build.0 = Debug|Any CPU
		{AAE4057C-17E2-4024-9300-46CC052C9BA7}.Release|Any CPU.ActiveCfg = Release|Any CPU
		{AAE4057C-17E2-4024-9300-46CC052C9BA7}.Release|Any CPU.Build.0 = Release|Any CPU
		{8775D223-1F3D-4C47-B9BF-12E1DD056126}.Debug|Any CPU.ActiveCfg = Debug|Any CPU
		{8775D223-1F3D-4C47-B9BF-12E1DD056126}.Debug|Any CPU.Build.0 = Debug|Any CPU
		{8775D223-1F3D-4C47-B9BF-12E1DD056126}.Release|Any CPU.ActiveCfg = Release|Any CPU
		{8775D223-1F3D-4C47-B9BF-12E1DD056126}.Release|Any CPU.Build.0 = Release|Any CPU
		{CD94B2F4-B4AE-40D1-B5A4-AA0A67D52DAB}.Debug|Any CPU.ActiveCfg = Debug|Any CPU
		{CD94B2F4-B4AE-40D1-B5A4-AA0A67D52DAB}.Debug|Any CPU.Build.0 = Debug|Any CPU
		{CD94B2F4-B4AE-40D1-B5A4-AA0A67D52DAB}.Release|Any CPU.ActiveCfg = Release|Any CPU
		{CD94B2F4-B4AE-40D1-B5A4-AA0A67D52DAB}.Release|Any CPU.Build.0 = Release|Any CPU
		{AC5B125E-C454-46B7-88FC-09D74BA85F0F}.Debug|Any CPU.ActiveCfg = Debug|Any CPU
		{AC5B125E-C454-46B7-88FC-09D74BA85F0F}.Debug|Any CPU.Build.0 = Debug|Any CPU
		{AC5B125E-C454-46B7-88FC-09D74BA85F0F}.Release|Any CPU.ActiveCfg = Release|Any CPU
		{AC5B125E-C454-46B7-88FC-09D74BA85F0F}.Release|Any CPU.Build.0 = Release|Any CPU
		{1A6B4E2D-50E4-4130-AFD2-311FF995DD42}.Debug|Any CPU.ActiveCfg = Debug|Any CPU
		{1A6B4E2D-50E4-4130-AFD2-311FF995DD42}.Debug|Any CPU.Build.0 = Debug|Any CPU
		{1A6B4E2D-50E4-4130-AFD2-311FF995DD42}.Release|Any CPU.ActiveCfg = Release|Any CPU
		{1A6B4E2D-50E4-4130-AFD2-311FF995DD42}.Release|Any CPU.Build.0 = Release|Any CPU
		{5394EAB4-B3FA-421A-8C97-04EF332B0A6E}.Debug|Any CPU.ActiveCfg = Debug|Any CPU
		{5394EAB4-B3FA-421A-8C97-04EF332B0A6E}.Debug|Any CPU.Build.0 = Debug|Any CPU
		{5394EAB4-B3FA-421A-8C97-04EF332B0A6E}.Release|Any CPU.ActiveCfg = Release|Any CPU
		{5394EAB4-B3FA-421A-8C97-04EF332B0A6E}.Release|Any CPU.Build.0 = Release|Any CPU
		{0E9E6C72-C4DA-49FA-BE83-1B582640693F}.Debug|Any CPU.ActiveCfg = Debug|Any CPU
		{0E9E6C72-C4DA-49FA-BE83-1B582640693F}.Debug|Any CPU.Build.0 = Debug|Any CPU
		{0E9E6C72-C4DA-49FA-BE83-1B582640693F}.Release|Any CPU.ActiveCfg = Release|Any CPU
		{0E9E6C72-C4DA-49FA-BE83-1B582640693F}.Release|Any CPU.Build.0 = Release|Any CPU
		{0B4C257E-4425-4CCF-9939-ED947D5A4E0B}.Debug|Any CPU.ActiveCfg = Debug|Any CPU
		{0B4C257E-4425-4CCF-9939-ED947D5A4E0B}.Debug|Any CPU.Build.0 = Debug|Any CPU
		{0B4C257E-4425-4CCF-9939-ED947D5A4E0B}.Release|Any CPU.ActiveCfg = Release|Any CPU
		{0B4C257E-4425-4CCF-9939-ED947D5A4E0B}.Release|Any CPU.Build.0 = Release|Any CPU
		{76151F1A-608E-4B0E-96D3-1897509AD8F8}.Debug|Any CPU.ActiveCfg = Debug|Any CPU
		{76151F1A-608E-4B0E-96D3-1897509AD8F8}.Debug|Any CPU.Build.0 = Debug|Any CPU
		{76151F1A-608E-4B0E-96D3-1897509AD8F8}.Release|Any CPU.ActiveCfg = Release|Any CPU
		{76151F1A-608E-4B0E-96D3-1897509AD8F8}.Release|Any CPU.Build.0 = Release|Any CPU
		{46202EE9-1C57-45CC-9207-839101045AA8}.Debug|Any CPU.ActiveCfg = Debug|Any CPU
		{46202EE9-1C57-45CC-9207-839101045AA8}.Debug|Any CPU.Build.0 = Debug|Any CPU
		{46202EE9-1C57-45CC-9207-839101045AA8}.Release|Any CPU.ActiveCfg = Release|Any CPU
		{46202EE9-1C57-45CC-9207-839101045AA8}.Release|Any CPU.Build.0 = Release|Any CPU
		{EF774867-4440-4683-B4C8-F1ADE07EB178}.Debug|Any CPU.ActiveCfg = Debug|Any CPU
		{EF774867-4440-4683-B4C8-F1ADE07EB178}.Debug|Any CPU.Build.0 = Debug|Any CPU
		{EF774867-4440-4683-B4C8-F1ADE07EB178}.Release|Any CPU.ActiveCfg = Release|Any CPU
		{EF774867-4440-4683-B4C8-F1ADE07EB178}.Release|Any CPU.Build.0 = Release|Any CPU
		{4DFEBFD6-9AB6-48E7-A5DC-E0CD52666880}.Debug|Any CPU.ActiveCfg = Debug|Any CPU
		{4DFEBFD6-9AB6-48E7-A5DC-E0CD52666880}.Debug|Any CPU.Build.0 = Debug|Any CPU
		{4DFEBFD6-9AB6-48E7-A5DC-E0CD52666880}.Release|Any CPU.ActiveCfg = Release|Any CPU
		{4DFEBFD6-9AB6-48E7-A5DC-E0CD52666880}.Release|Any CPU.Build.0 = Release|Any CPU
		{AEE83F31-DF20-4812-B340-173BC59B27B8}.Debug|Any CPU.ActiveCfg = Debug|Any CPU
		{AEE83F31-DF20-4812-B340-173BC59B27B8}.Debug|Any CPU.Build.0 = Debug|Any CPU
		{AEE83F31-DF20-4812-B340-173BC59B27B8}.Release|Any CPU.ActiveCfg = Release|Any CPU
		{AEE83F31-DF20-4812-B340-173BC59B27B8}.Release|Any CPU.Build.0 = Release|Any CPU
		{3A8DF41F-FAEC-445D-A4DB-0C2B97C1967E}.Debug|Any CPU.ActiveCfg = Debug|Any CPU
		{3A8DF41F-FAEC-445D-A4DB-0C2B97C1967E}.Debug|Any CPU.Build.0 = Debug|Any CPU
		{3A8DF41F-FAEC-445D-A4DB-0C2B97C1967E}.Release|Any CPU.ActiveCfg = Release|Any CPU
		{3A8DF41F-FAEC-445D-A4DB-0C2B97C1967E}.Release|Any CPU.Build.0 = Release|Any CPU
		{22988A91-CD02-42AB-B344-1759DA1488F5}.Debug|Any CPU.ActiveCfg = Debug|Any CPU
		{22988A91-CD02-42AB-B344-1759DA1488F5}.Debug|Any CPU.Build.0 = Debug|Any CPU
		{22988A91-CD02-42AB-B344-1759DA1488F5}.Release|Any CPU.ActiveCfg = Release|Any CPU
		{22988A91-CD02-42AB-B344-1759DA1488F5}.Release|Any CPU.Build.0 = Release|Any CPU
		{BBFF0E76-AC44-4C7B-A63D-902E9249548B}.Debug|Any CPU.ActiveCfg = Debug|Any CPU
		{BBFF0E76-AC44-4C7B-A63D-902E9249548B}.Debug|Any CPU.Build.0 = Debug|Any CPU
		{BBFF0E76-AC44-4C7B-A63D-902E9249548B}.Release|Any CPU.ActiveCfg = Release|Any CPU
		{BBFF0E76-AC44-4C7B-A63D-902E9249548B}.Release|Any CPU.Build.0 = Release|Any CPU
		{B57C403C-ADC3-4FD0-91B9-838FC154CDE0}.Debug|Any CPU.ActiveCfg = Debug|Any CPU
		{B57C403C-ADC3-4FD0-91B9-838FC154CDE0}.Debug|Any CPU.Build.0 = Debug|Any CPU
		{B57C403C-ADC3-4FD0-91B9-838FC154CDE0}.Release|Any CPU.ActiveCfg = Release|Any CPU
		{B57C403C-ADC3-4FD0-91B9-838FC154CDE0}.Release|Any CPU.Build.0 = Release|Any CPU
		{DE6D9CC4-2C1F-4624-9AA0-1523F7A80219}.Debug|Any CPU.ActiveCfg = Debug|Any CPU
		{DE6D9CC4-2C1F-4624-9AA0-1523F7A80219}.Debug|Any CPU.Build.0 = Debug|Any CPU
		{DE6D9CC4-2C1F-4624-9AA0-1523F7A80219}.Release|Any CPU.ActiveCfg = Release|Any CPU
		{DE6D9CC4-2C1F-4624-9AA0-1523F7A80219}.Release|Any CPU.Build.0 = Release|Any CPU
		{3A48507C-7150-4D64-9C48-899FDDF61D2D}.Debug|Any CPU.ActiveCfg = Debug|Any CPU
		{3A48507C-7150-4D64-9C48-899FDDF61D2D}.Debug|Any CPU.Build.0 = Debug|Any CPU
		{3A48507C-7150-4D64-9C48-899FDDF61D2D}.Release|Any CPU.ActiveCfg = Release|Any CPU
		{3A48507C-7150-4D64-9C48-899FDDF61D2D}.Release|Any CPU.Build.0 = Release|Any CPU
		{44C001A5-5B1D-4F17-B60B-D3B402A2E425}.Debug|Any CPU.ActiveCfg = Debug|Any CPU
		{44C001A5-5B1D-4F17-B60B-D3B402A2E425}.Debug|Any CPU.Build.0 = Debug|Any CPU
		{44C001A5-5B1D-4F17-B60B-D3B402A2E425}.Release|Any CPU.ActiveCfg = Release|Any CPU
		{44C001A5-5B1D-4F17-B60B-D3B402A2E425}.Release|Any CPU.Build.0 = Release|Any CPU
		{2C70E9EC-00B9-4422-AF6F-19B82B4827AA}.Debug|Any CPU.ActiveCfg = Debug|Any CPU
		{2C70E9EC-00B9-4422-AF6F-19B82B4827AA}.Debug|Any CPU.Build.0 = Debug|Any CPU
		{2C70E9EC-00B9-4422-AF6F-19B82B4827AA}.Release|Any CPU.ActiveCfg = Release|Any CPU
		{2C70E9EC-00B9-4422-AF6F-19B82B4827AA}.Release|Any CPU.Build.0 = Release|Any CPU
		{B4161B23-8E06-4275-9678-D205E5AD7945}.Debug|Any CPU.ActiveCfg = Debug|Any CPU
		{B4161B23-8E06-4275-9678-D205E5AD7945}.Debug|Any CPU.Build.0 = Debug|Any CPU
		{B4161B23-8E06-4275-9678-D205E5AD7945}.Release|Any CPU.ActiveCfg = Release|Any CPU
		{B4161B23-8E06-4275-9678-D205E5AD7945}.Release|Any CPU.Build.0 = Release|Any CPU
		{87D527BD-B431-4F28-92D5-DB84A8F835F8}.Debug|Any CPU.ActiveCfg = Debug|Any CPU
		{87D527BD-B431-4F28-92D5-DB84A8F835F8}.Debug|Any CPU.Build.0 = Debug|Any CPU
		{87D527BD-B431-4F28-92D5-DB84A8F835F8}.Release|Any CPU.ActiveCfg = Release|Any CPU
		{87D527BD-B431-4F28-92D5-DB84A8F835F8}.Release|Any CPU.Build.0 = Release|Any CPU
		{2C68A16D-BD07-4D05-89F1-B62F57296B23}.Debug|Any CPU.ActiveCfg = Debug|Any CPU
		{2C68A16D-BD07-4D05-89F1-B62F57296B23}.Debug|Any CPU.Build.0 = Debug|Any CPU
		{2C68A16D-BD07-4D05-89F1-B62F57296B23}.Release|Any CPU.ActiveCfg = Release|Any CPU
		{2C68A16D-BD07-4D05-89F1-B62F57296B23}.Release|Any CPU.Build.0 = Release|Any CPU
		{6307D72A-1F43-4092-B77A-8ECA20C90396}.Debug|Any CPU.ActiveCfg = Debug|Any CPU
		{6307D72A-1F43-4092-B77A-8ECA20C90396}.Debug|Any CPU.Build.0 = Debug|Any CPU
		{6307D72A-1F43-4092-B77A-8ECA20C90396}.Release|Any CPU.ActiveCfg = Release|Any CPU
		{6307D72A-1F43-4092-B77A-8ECA20C90396}.Release|Any CPU.Build.0 = Release|Any CPU
		{661E85BC-2551-4105-B9D6-224F25934C21}.Debug|Any CPU.ActiveCfg = Debug|Any CPU
		{661E85BC-2551-4105-B9D6-224F25934C21}.Debug|Any CPU.Build.0 = Debug|Any CPU
		{661E85BC-2551-4105-B9D6-224F25934C21}.Release|Any CPU.ActiveCfg = Release|Any CPU
		{661E85BC-2551-4105-B9D6-224F25934C21}.Release|Any CPU.Build.0 = Release|Any CPU
		{34AEB36B-E1AA-46EB-95EE-325F4F5D2011}.Debug|Any CPU.ActiveCfg = Debug|Any CPU
		{34AEB36B-E1AA-46EB-95EE-325F4F5D2011}.Debug|Any CPU.Build.0 = Debug|Any CPU
		{34AEB36B-E1AA-46EB-95EE-325F4F5D2011}.Release|Any CPU.ActiveCfg = Release|Any CPU
		{34AEB36B-E1AA-46EB-95EE-325F4F5D2011}.Release|Any CPU.Build.0 = Release|Any CPU
	EndGlobalSection
	GlobalSection(SolutionProperties) = preSolution
		HideSolutionNode = FALSE
	EndGlobalSection
	GlobalSection(NestedProjects) = preSolution
		{53FBBA36-580F-4D7D-A7F1-A11ABC6FB365} = {D4430695-D567-4148-81E5-FFE8933812EE}
		{623BD419-D67E-4F19-80DF-074F10B838F9} = {53FBBA36-580F-4D7D-A7F1-A11ABC6FB365}
		{98C272B0-828E-444F-8A44-353C53F988ED} = {D4430695-D567-4148-81E5-FFE8933812EE}
		{BB866B28-A29B-4917-91F3-3E2C64F29810} = {98C272B0-828E-444F-8A44-353C53F988ED}
		{361DDB0F-9E0C-4641-BF71-D6D3454241CD} = {98C272B0-828E-444F-8A44-353C53F988ED}
		{665EC674-7EF6-4F4C-9167-B85A435206E5} = {D4430695-D567-4148-81E5-FFE8933812EE}
		{409560C7-B21B-42F4-9952-8D673153DBF6} = {665EC674-7EF6-4F4C-9167-B85A435206E5}
		{E487B857-735B-495E-AEE4-7B4F1A828D5F} = {665EC674-7EF6-4F4C-9167-B85A435206E5}
		{63DA94C4-CA2B-4F35-B170-1574B38F7217} = {7F1DA00C-DE4B-4EDE-8B9B-95E5FA9125FC}
		{AAE4057C-17E2-4024-9300-46CC052C9BA7} = {63DA94C4-CA2B-4F35-B170-1574B38F7217}
		{88D36961-C64C-48DA-B7C2-F1139AEF7543} = {7F1DA00C-DE4B-4EDE-8B9B-95E5FA9125FC}
		{8775D223-1F3D-4C47-B9BF-12E1DD056126} = {88D36961-C64C-48DA-B7C2-F1139AEF7543}
		{CD94B2F4-B4AE-40D1-B5A4-AA0A67D52DAB} = {88D36961-C64C-48DA-B7C2-F1139AEF7543}
		{14FC0D27-B871-4B3A-8679-41C61BF500A5} = {7F1DA00C-DE4B-4EDE-8B9B-95E5FA9125FC}
		{AC5B125E-C454-46B7-88FC-09D74BA85F0F} = {14FC0D27-B871-4B3A-8679-41C61BF500A5}
		{1A6B4E2D-50E4-4130-AFD2-311FF995DD42} = {14FC0D27-B871-4B3A-8679-41C61BF500A5}
		{A751365F-3CE8-4673-970D-FF885015C08F} = {B35A689E-474C-4F86-A762-016379B3A282}
		{5394EAB4-B3FA-421A-8C97-04EF332B0A6E} = {A751365F-3CE8-4673-970D-FF885015C08F}
		{F10F6681-2C68-49F3-B247-1C2B3F8C4A83} = {B35A689E-474C-4F86-A762-016379B3A282}
		{0E9E6C72-C4DA-49FA-BE83-1B582640693F} = {F10F6681-2C68-49F3-B247-1C2B3F8C4A83}
		{0B4C257E-4425-4CCF-9939-ED947D5A4E0B} = {F10F6681-2C68-49F3-B247-1C2B3F8C4A83}
		{EB4ED791-6259-4701-9CD4-82B2D310A031} = {B35A689E-474C-4F86-A762-016379B3A282}
		{76151F1A-608E-4B0E-96D3-1897509AD8F8} = {EB4ED791-6259-4701-9CD4-82B2D310A031}
		{46202EE9-1C57-45CC-9207-839101045AA8} = {EB4ED791-6259-4701-9CD4-82B2D310A031}
		{30878950-4CE3-4B74-8D6E-F5EEA1A405CB} = {4242844D-391E-4134-908E-48832A948E82}
		{EF774867-4440-4683-B4C8-F1ADE07EB178} = {30878950-4CE3-4B74-8D6E-F5EEA1A405CB}
		{5872E60C-2C49-47D5-8666-140C66B887C1} = {4242844D-391E-4134-908E-48832A948E82}
		{4DFEBFD6-9AB6-48E7-A5DC-E0CD52666880} = {5872E60C-2C49-47D5-8666-140C66B887C1}
		{AEE83F31-DF20-4812-B340-173BC59B27B8} = {5872E60C-2C49-47D5-8666-140C66B887C1}
		{B9451C19-C26A-46DD-9F73-2FD443E95E01} = {4242844D-391E-4134-908E-48832A948E82}
		{3A8DF41F-FAEC-445D-A4DB-0C2B97C1967E} = {B9451C19-C26A-46DD-9F73-2FD443E95E01}
		{22988A91-CD02-42AB-B344-1759DA1488F5} = {B9451C19-C26A-46DD-9F73-2FD443E95E01}
		{D1F2D2C1-6906-47BF-B012-55F09A645D69} = {641FC6A1-78A6-46B8-B066-7EDBE0C09100}
		{BBFF0E76-AC44-4C7B-A63D-902E9249548B} = {D1F2D2C1-6906-47BF-B012-55F09A645D69}
		{D00913AE-698A-42DF-955A-9EB1FB0F09FE} = {641FC6A1-78A6-46B8-B066-7EDBE0C09100}
		{B57C403C-ADC3-4FD0-91B9-838FC154CDE0} = {D00913AE-698A-42DF-955A-9EB1FB0F09FE}
		{DE6D9CC4-2C1F-4624-9AA0-1523F7A80219} = {D00913AE-698A-42DF-955A-9EB1FB0F09FE}
		{15D04AE8-E0FA-4B05-859F-97109EEDCD9E} = {641FC6A1-78A6-46B8-B066-7EDBE0C09100}
		{3A48507C-7150-4D64-9C48-899FDDF61D2D} = {15D04AE8-E0FA-4B05-859F-97109EEDCD9E}
		{44C001A5-5B1D-4F17-B60B-D3B402A2E425} = {15D04AE8-E0FA-4B05-859F-97109EEDCD9E}
		{63F2A735-CBF5-45AD-9EE8-71DBE8E46329} = {EC0A8006-83E0-48CF-A57F-D94C16C2F81D}
		{2C70E9EC-00B9-4422-AF6F-19B82B4827AA} = {63F2A735-CBF5-45AD-9EE8-71DBE8E46329}
		{293D52AF-54EB-4A87-989F-E987B4E0042F} = {EC0A8006-83E0-48CF-A57F-D94C16C2F81D}
		{B4161B23-8E06-4275-9678-D205E5AD7945} = {293D52AF-54EB-4A87-989F-E987B4E0042F}
		{079E081D-F1A5-4310-9A2E-DA2C1A741741} = {EC0A8006-83E0-48CF-A57F-D94C16C2F81D}
		{87D527BD-B431-4F28-92D5-DB84A8F835F8} = {079E081D-F1A5-4310-9A2E-DA2C1A741741}
		{2C68A16D-BD07-4D05-89F1-B62F57296B23} = {293D52AF-54EB-4A87-989F-E987B4E0042F}
		{6307D72A-1F43-4092-B77A-8ECA20C90396} = {079E081D-F1A5-4310-9A2E-DA2C1A741741}
		{661E85BC-2551-4105-B9D6-224F25934C21} = {665EC674-7EF6-4F4C-9167-B85A435206E5}
		{B0B1F254-33D6-4539-8FE0-C6AF44F9C21D} = {B35A689E-474C-4F86-A762-016379B3A282}
		{34AEB36B-E1AA-46EB-95EE-325F4F5D2011} = {B0B1F254-33D6-4539-8FE0-C6AF44F9C21D}
	EndGlobalSection
	GlobalSection(ExtensibilityGlobals) = postSolution
		SolutionGuid = {3A10A7B3-73F0-4DF7-9811-6334A651AEB2}
	EndGlobalSection
EndGlobal
